
Microsoft Visual Studio Solution File, Format Version 12.00
# Visual Studio Version 16
VisualStudioVersion = 16.0.29025.244
MinimumVisualStudioVersion = 10.0.40219.1
Project("{FAE04EC0-301F-11D3-BF4B-00C04F79EFBC}") = "QL_BanVeXeKhach", "QL_BanVeXeKhach.csproj", "{23AECEEC-783D-4C94-B8B5-27041C71AD27}"
EndProject
Global
	GlobalSection(SolutionConfigurationPlatforms) = preSolution
		Debug|Any CPU = Debug|Any CPU
		Release|Any CPU = Release|Any CPU
	EndGlobalSection
	GlobalSection(ProjectConfigurationPlatforms) = postSolution
		{23AECEEC-783D-4C94-B8B5-27041C71AD27}.Debug|Any CPU.ActiveCfg = Debug|Any CPU
		{23AECEEC-783D-4C94-B8B5-27041C71AD27}.Debug|Any CPU.Build.0 = Debug|Any CPU
		{23AECEEC-783D-4C94-B8B5-27041C71AD27}.Release|Any CPU.ActiveCfg = Release|Any CPU
		{23AECEEC-783D-4C94-B8B5-27041C71AD27}.Release|Any CPU.Build.0 = Release|Any CPU
	EndGlobalSection
	GlobalSection(SolutionProperties) = preSolution
		HideSolutionNode = FALSE
	EndGlobalSection
	GlobalSection(ExtensibilityGlobals) = postSolution
		SolutionGuid = {5DE8B987-A6A5-4EF1-B121-56B6C84F1A69}
	EndGlobalSection
EndGlobal
